
Microsoft Visual Studio Solution File, Format Version 12.00
# Visual Studio 15
VisualStudioVersion = 15.0.27004.2005
MinimumVisualStudioVersion = 10.0.40219.1
Project("{FAE04EC0-301F-11D3-BF4B-00C04F79EFBC}") = "WebsiteScrapeForm", "WebsiteScrapeForm\WebsiteScrapeForm.csproj", "{DBFABD84-37C3-480F-93C4-D1005669D3BE}"
EndProject
Project("{FAE04EC0-301F-11D3-BF4B-00C04F79EFBC}") = "ClassLibraryBLL", "ClassLibraryBLL\ClassLibraryBLL.csproj", "{378EC47C-9F69-4B52-BC6B-ABE9F46CD6C6}"
EndProject
Project("{FAE04EC0-301F-11D3-BF4B-00C04F79EFBC}") = "ClassLibraryDAL", "ClassLibraryDAL\ClassLibraryDAL.csproj", "{C7251192-CE42-445C-9385-4B93EA72B4A3}"
EndProject
Global
	GlobalSection(SolutionConfigurationPlatforms) = preSolution
		Debug|Any CPU = Debug|Any CPU
		Release|Any CPU = Release|Any CPU
	EndGlobalSection
	GlobalSection(ProjectConfigurationPlatforms) = postSolution
		{DBFABD84-37C3-480F-93C4-D1005669D3BE}.Debug|Any CPU.ActiveCfg = Debug|Any CPU
		{DBFABD84-37C3-480F-93C4-D1005669D3BE}.Debug|Any CPU.Build.0 = Debug|Any CPU
		{DBFABD84-37C3-480F-93C4-D1005669D3BE}.Release|Any CPU.ActiveCfg = Release|Any CPU
		{DBFABD84-37C3-480F-93C4-D1005669D3BE}.Release|Any CPU.Build.0 = Release|Any CPU
		{378EC47C-9F69-4B52-BC6B-ABE9F46CD6C6}.Debug|Any CPU.ActiveCfg = Debug|Any CPU
		{378EC47C-9F69-4B52-BC6B-ABE9F46CD6C6}.Debug|Any CPU.Build.0 = Debug|Any CPU
		{378EC47C-9F69-4B52-BC6B-ABE9F46CD6C6}.Release|Any CPU.ActiveCfg = Release|Any CPU
		{378EC47C-9F69-4B52-BC6B-ABE9F46CD6C6}.Release|Any CPU.Build.0 = Release|Any CPU
		{C7251192-CE42-445C-9385-4B93EA72B4A3}.Debug|Any CPU.ActiveCfg = Debug|Any CPU
		{C7251192-CE42-445C-9385-4B93EA72B4A3}.Debug|Any CPU.Build.0 = Debug|Any CPU
		{C7251192-CE42-445C-9385-4B93EA72B4A3}.Release|Any CPU.ActiveCfg = Release|Any CPU
		{C7251192-CE42-445C-9385-4B93EA72B4A3}.Release|Any CPU.Build.0 = Release|Any CPU
	EndGlobalSection
	GlobalSection(SolutionProperties) = preSolution
		HideSolutionNode = FALSE
	EndGlobalSection
	GlobalSection(ExtensibilityGlobals) = postSolution
		SolutionGuid = {4B1D490C-D90D-49B8-B510-FFD8629C7E37}
	EndGlobalSection
EndGlobal
